// !$*UTF8*$!
{
	archiveVersion = 1;
	classes = {
	};
	objectVersion = 56;
	objects = {

/* Begin PBXBuildFile section */
		F52147DA2BE4A17400FD29B6 /* MintChipApp.swift in Sources */ = {isa = PBXBuildFile; fileRef = F52147D92BE4A17400FD29B6 /* MintChipApp.swift */; };
		F52147DC2BE4A17400FD29B6 /* ContentView.swift in Sources */ = {isa = PBXBuildFile; fileRef = F52147DB2BE4A17400FD29B6 /* ContentView.swift */; };
		F52147DE2BE4A17500FD29B6 /* Assets.xcassets in Resources */ = {isa = PBXBuildFile; fileRef = F52147DD2BE4A17500FD29B6 /* Assets.xcassets */; };
		F52147E12BE4A17500FD29B6 /* Preview Assets.xcassets in Resources */ = {isa = PBXBuildFile; fileRef = F52147E02BE4A17500FD29B6 /* Preview Assets.xcassets */; };
		F5D409CB2BE5BB0D00D521C4 /* Extensions.swift in Sources */ = {isa = PBXBuildFile; fileRef = F5D409CA2BE5BB0D00D521C4 /* Extensions.swift */; };
		F5D409CD2BE5BEA500D521C4 /* HomeScreen.swift in Sources */ = {isa = PBXBuildFile; fileRef = F5D409CC2BE5BEA500D521C4 /* HomeScreen.swift */; };
		F5D409CF2BE5C49E00D521C4 /* TransactionModel.swift in Sources */ = {isa = PBXBuildFile; fileRef = F5D409CE2BE5C49E00D521C4 /* TransactionModel.swift */; };
		F5D409D12BE5C66000D521C4 /* PreviewData.swift in Sources */ = {isa = PBXBuildFile; fileRef = F5D409D02BE5C66000D521C4 /* PreviewData.swift */; };
		F5D409D32BE5C8CC00D521C4 /* TransactionRow.swift in Sources */ = {isa = PBXBuildFile; fileRef = F5D409D22BE5C8CC00D521C4 /* TransactionRow.swift */; };
		F5D409D62BE5D21E00D521C4 /* SwiftUIFontIcon in Frameworks */ = {isa = PBXBuildFile; productRef = F5D409D52BE5D21E00D521C4 /* SwiftUIFontIcon */; };
		F5D409D82BE5D69A00D521C4 /* TransactionViewModel.swift in Sources */ = {isa = PBXBuildFile; fileRef = F5D409D72BE5D69A00D521C4 /* TransactionViewModel.swift */; };
/* End PBXBuildFile section */

/* Begin PBXFileReference section */
		F52147D62BE4A17400FD29B6 /* MintChip.app */ = {isa = PBXFileReference; explicitFileType = wrapper.application; includeInIndex = 0; path = MintChip.app; sourceTree = BUILT_PRODUCTS_DIR; };
		F52147D92BE4A17400FD29B6 /* MintChipApp.swift */ = {isa = PBXFileReference; lastKnownFileType = sourcecode.swift; path = MintChipApp.swift; sourceTree = "<group>"; };
		F52147DB2BE4A17400FD29B6 /* ContentView.swift */ = {isa = PBXFileReference; lastKnownFileType = sourcecode.swift; path = ContentView.swift; sourceTree = "<group>"; };
		F52147DD2BE4A17500FD29B6 /* Assets.xcassets */ = {isa = PBXFileReference; lastKnownFileType = folder.assetcatalog; path = Assets.xcassets; sourceTree = "<group>"; };
		F52147E02BE4A17500FD29B6 /* Preview Assets.xcassets */ = {isa = PBXFileReference; lastKnownFileType = folder.assetcatalog; path = "Preview Assets.xcassets"; sourceTree = "<group>"; };
		F5D409CA2BE5BB0D00D521C4 /* Extensions.swift */ = {isa = PBXFileReference; lastKnownFileType = sourcecode.swift; path = Extensions.swift; sourceTree = "<group>"; };
		F5D409CC2BE5BEA500D521C4 /* HomeScreen.swift */ = {isa = PBXFileReference; lastKnownFileType = sourcecode.swift; path = HomeScreen.swift; sourceTree = "<group>"; };
		F5D409CE2BE5C49E00D521C4 /* TransactionModel.swift */ = {isa = PBXFileReference; lastKnownFileType = sourcecode.swift; path = TransactionModel.swift; sourceTree = "<group>"; };
		F5D409D02BE5C66000D521C4 /* PreviewData.swift */ = {isa = PBXFileReference; lastKnownFileType = sourcecode.swift; path = PreviewData.swift; sourceTree = "<group>"; };
		F5D409D22BE5C8CC00D521C4 /* TransactionRow.swift */ = {isa = PBXFileReference; lastKnownFileType = sourcecode.swift; path = TransactionRow.swift; sourceTree = "<group>"; };
		F5D409D72BE5D69A00D521C4 /* TransactionViewModel.swift */ = {isa = PBXFileReference; lastKnownFileType = sourcecode.swift; path = TransactionViewModel.swift; sourceTree = "<group>"; };
/* End PBXFileReference section */

/* Begin PBXFrameworksBuildPhase section */
		F52147D32BE4A17400FD29B6 /* Frameworks */ = {
			isa = PBXFrameworksBuildPhase;
			buildActionMask = 2147483647;
			files = (
				F5D409D62BE5D21E00D521C4 /* SwiftUIFontIcon in Frameworks */,
			);
			runOnlyForDeploymentPostprocessing = 0;
		};
/* End PBXFrameworksBuildPhase section */

/* Begin PBXGroup section */
		F52147CD2BE4A17400FD29B6 = {
			isa = PBXGroup;
			children = (
				F52147D82BE4A17400FD29B6 /* MintChip */,
				F52147D72BE4A17400FD29B6 /* Products */,
			);
			sourceTree = "<group>";
		};
		F52147D72BE4A17400FD29B6 /* Products */ = {
			isa = PBXGroup;
			children = (
				F52147D62BE4A17400FD29B6 /* MintChip.app */,
			);
			name = Products;
			sourceTree = "<group>";
		};
		F52147D82BE4A17400FD29B6 /* MintChip */ = {
			isa = PBXGroup;
			children = (
				F5D409C92BE5BAF400D521C4 /* ViewModel */,
				F5D409C82BE5BAE300D521C4 /* View */,
				F5D409C72BE5BAD800D521C4 /* Model */,
				F52147D92BE4A17400FD29B6 /* MintChipApp.swift */,
				F52147DB2BE4A17400FD29B6 /* ContentView.swift */,
				F52147DD2BE4A17500FD29B6 /* Assets.xcassets */,
				F52147DF2BE4A17500FD29B6 /* Preview Content */,
				F5D409CA2BE5BB0D00D521C4 /* Extensions.swift */,
				F5D409D02BE5C66000D521C4 /* PreviewData.swift */,
			);
			path = MintChip;
			sourceTree = "<group>";
		};
		F52147DF2BE4A17500FD29B6 /* Preview Content */ = {
			isa = PBXGroup;
			children = (
				F52147E02BE4A17500FD29B6 /* Preview Assets.xcassets */,
			);
			path = "Preview Content";
			sourceTree = "<group>";
		};
		F5D409C72BE5BAD800D521C4 /* Model */ = {
			isa = PBXGroup;
			children = (
				F5D409CE2BE5C49E00D521C4 /* TransactionModel.swift */,
			);
			path = Model;
			sourceTree = "<group>";
		};
		F5D409C82BE5BAE300D521C4 /* View */ = {
			isa = PBXGroup;
			children = (
				F5D409CC2BE5BEA500D521C4 /* HomeScreen.swift */,
				F5D409D22BE5C8CC00D521C4 /* TransactionRow.swift */,
			);
			path = View;
			sourceTree = "<group>";
		};
		F5D409C92BE5BAF400D521C4 /* ViewModel */ = {
			isa = PBXGroup;
			children = (
				F5D409D72BE5D69A00D521C4 /* TransactionViewModel.swift */,
			);
			path = ViewModel;
			sourceTree = "<group>";
		};
/* End PBXGroup section */

/* Begin PBXNativeTarget section */
		F52147D52BE4A17400FD29B6 /* MintChip */ = {
			isa = PBXNativeTarget;
			buildConfigurationList = F52147E42BE4A17500FD29B6 /* Build configuration list for PBXNativeTarget "MintChip" */;
			buildPhases = (
				F52147D22BE4A17400FD29B6 /* Sources */,
				F52147D32BE4A17400FD29B6 /* Frameworks */,
				F52147D42BE4A17400FD29B6 /* Resources */,
			);
			buildRules = (
			);
			dependencies = (
			);
			name = MintChip;
			packageProductDependencies = (
				F5D409D52BE5D21E00D521C4 /* SwiftUIFontIcon */,
			);
			productName = MintChip;
			productReference = F52147D62BE4A17400FD29B6 /* MintChip.app */;
			productType = "com.apple.product-type.application";
		};
/* End PBXNativeTarget section */

/* Begin PBXProject section */
		F52147CE2BE4A17400FD29B6 /* Project object */ = {
			isa = PBXProject;
			attributes = {
				BuildIndependentTargetsInParallel = 1;
				LastSwiftUpdateCheck = 1530;
				LastUpgradeCheck = 1530;
				TargetAttributes = {
					F52147D52BE4A17400FD29B6 = {
						CreatedOnToolsVersion = 15.3;
					};
				};
			};
			buildConfigurationList = F52147D12BE4A17400FD29B6 /* Build configuration list for PBXProject "MintChip" */;
			compatibilityVersion = "Xcode 14.0";
			developmentRegion = en;
			hasScannedForEncodings = 0;
			knownRegions = (
				en,
				Base,
			);
			mainGroup = F52147CD2BE4A17400FD29B6;
			packageReferences = (
				F5D409D42BE5D21E00D521C4 /* XCRemoteSwiftPackageReference "SwiftUIFontIcon" */,
			);
			productRefGroup = F52147D72BE4A17400FD29B6 /* Products */;
			projectDirPath = "";
			projectRoot = "";
			targets = (
				F52147D52BE4A17400FD29B6 /* MintChip */,
			);
		};
/* End PBXProject section */

/* Begin PBXResourcesBuildPhase section */
		F52147D42BE4A17400FD29B6 /* Resources */ = {
			isa = PBXResourcesBuildPhase;
			buildActionMask = 2147483647;
			files = (
				F52147E12BE4A17500FD29B6 /* Preview Assets.xcassets in Resources */,
				F52147DE2BE4A17500FD29B6 /* Assets.xcassets in Resources */,
			);
			runOnlyForDeploymentPostprocessing = 0;
		};
/* End PBXResourcesBuildPhase section */

/* Begin PBXSourcesBuildPhase section */
		F52147D22BE4A17400FD29B6 /* Sources */ = {
			isa = PBXSourcesBuildPhase;
			buildActionMask = 2147483647;
			files = (
				F5D409CF2BE5C49E00D521C4 /* TransactionModel.swift in Sources */,
				F5D409CD2BE5BEA500D521C4 /* HomeScreen.swift in Sources */,
				F5D409D12BE5C66000D521C4 /* PreviewData.swift in Sources */,
				F52147DC2BE4A17400FD29B6 /* ContentView.swift in Sources */,
				F5D409D32BE5C8CC00D521C4 /* TransactionRow.swift in Sources */,
				F5D409CB2BE5BB0D00D521C4 /* Extensions.swift in Sources */,
				F52147DA2BE4A17400FD29B6 /* MintChipApp.swift in Sources */,
				F5D409D82BE5D69A00D521C4 /* TransactionViewModel.swift in Sources */,
			);
			runOnlyForDeploymentPostprocessing = 0;
		};
/* End PBXSourcesBuildPhase section */

/* Begin XCBuildConfiguration section */
		F52147E22BE4A17500FD29B6 /* Debug */ = {
			isa = XCBuildConfiguration;
			buildSettings = {
				ALWAYS_SEARCH_USER_PATHS = NO;
				ASSETCATALOG_COMPILER_GENERATE_SWIFT_ASSET_SYMBOL_EXTENSIONS = YES;
				CLANG_ANALYZER_NONNULL = YES;
				CLANG_ANALYZER_NUMBER_OBJECT_CONVERSION = YES_AGGRESSIVE;
				CLANG_CXX_LANGUAGE_STANDARD = "gnu++20";
				CLANG_ENABLE_MODULES = YES;
				CLANG_ENABLE_OBJC_ARC = YES;
				CLANG_ENABLE_OBJC_WEAK = YES;
				CLANG_WARN_BLOCK_CAPTURE_AUTORELEASING = YES;
				CLANG_WARN_BOOL_CONVERSION = YES;
				CLANG_WARN_COMMA = YES;
				CLANG_WARN_CONSTANT_CONVERSION = YES;
				CLANG_WARN_DEPRECATED_OBJC_IMPLEMENTATIONS = YES;
				CLANG_WARN_DIRECT_OBJC_ISA_USAGE = YES_ERROR;
				CLANG_WARN_DOCUMENTATION_COMMENTS = YES;
				CLANG_WARN_EMPTY_BODY = YES;
				CLANG_WARN_ENUM_CONVERSION = YES;
				CLANG_WARN_INFINITE_RECURSION = YES;
				CLANG_WARN_INT_CONVERSION = YES;
				CLANG_WARN_NON_LITERAL_NULL_CONVERSION = YES;
				CLANG_WARN_OBJC_IMPLICIT_RETAIN_SELF = YES;
				CLANG_WARN_OBJC_LITERAL_CONVERSION = YES;
				CLANG_WARN_OBJC_ROOT_CLASS = YES_ERROR;
				CLANG_WARN_QUOTED_INCLUDE_IN_FRAMEWORK_HEADER = YES;
				CLANG_WARN_RANGE_LOOP_ANALYSIS = YES;
				CLANG_WARN_STRICT_PROTOTYPES = YES;
				CLANG_WARN_SUSPICIOUS_MOVE = YES;
				CLANG_WARN_UNGUARDED_AVAILABILITY = YES_AGGRESSIVE;
				CLANG_WARN_UNREACHABLE_CODE = YES;
				CLANG_WARN__DUPLICATE_METHOD_MATCH = YES;
				COPY_PHASE_STRIP = NO;
				DEBUG_INFORMATION_FORMAT = dwarf;
				ENABLE_STRICT_OBJC_MSGSEND = YES;
				ENABLE_TESTABILITY = YES;
				ENABLE_USER_SCRIPT_SANDBOXING = YES;
				GCC_C_LANGUAGE_STANDARD = gnu17;
				GCC_DYNAMIC_NO_PIC = NO;
				GCC_NO_COMMON_BLOCKS = YES;
				GCC_OPTIMIZATION_LEVEL = 0;
				GCC_PREPROCESSOR_DEFINITIONS = (
					"DEBUG=1",
					"$(inherited)",
				);
				GCC_WARN_64_TO_32_BIT_CONVERSION = YES;
				GCC_WARN_ABOUT_RETURN_TYPE = YES_ERROR;
				GCC_WARN_UNDECLARED_SELECTOR = YES;
				GCC_WARN_UNINITIALIZED_AUTOS = YES_AGGRESSIVE;
				GCC_WARN_UNUSED_FUNCTION = YES;
				GCC_WARN_UNUSED_VARIABLE = YES;
				IPHONEOS_DEPLOYMENT_TARGET = 17.4;
				LOCALIZATION_PREFERS_STRING_CATALOGS = YES;
				MTL_ENABLE_DEBUG_INFO = INCLUDE_SOURCE;
				MTL_FAST_MATH = YES;
				ONLY_ACTIVE_ARCH = YES;
				SDKROOT = iphoneos;
				SWIFT_ACTIVE_COMPILATION_CONDITIONS = "DEBUG $(inherited)";
				SWIFT_OPTIMIZATION_LEVEL = "-Onone";
			};
			name = Debug;
		};
		F52147E32BE4A17500FD29B6 /* Release */ = {
			isa = XCBuildConfiguration;
			buildSettings = {
				ALWAYS_SEARCH_USER_PATHS = NO;
				ASSETCATALOG_COMPILER_GENERATE_SWIFT_ASSET_SYMBOL_EXTENSIONS = YES;
				CLANG_ANALYZER_NONNULL = YES;
				CLANG_ANALYZER_NUMBER_OBJECT_CONVERSION = YES_AGGRESSIVE;
				CLANG_CXX_LANGUAGE_STANDARD = "gnu++20";
				CLANG_ENABLE_MODULES = YES;
				CLANG_ENABLE_OBJC_ARC = YES;
				CLANG_ENABLE_OBJC_WEAK = YES;
				CLANG_WARN_BLOCK_CAPTURE_AUTORELEASING = YES;
				CLANG_WARN_BOOL_CONVERSION = YES;
				CLANG_WARN_COMMA = YES;
				CLANG_WARN_CONSTANT_CONVERSION = YES;
				CLANG_WARN_DEPRECATED_OBJC_IMPLEMENTATIONS = YES;
				CLANG_WARN_DIRECT_OBJC_ISA_USAGE = YES_ERROR;
				CLANG_WARN_DOCUMENTATION_COMMENTS = YES;
				CLANG_WARN_EMPTY_BODY = YES;
				CLANG_WARN_ENUM_CONVERSION = YES;
				CLANG_WARN_INFINITE_RECURSION = YES;
				CLANG_WARN_INT_CONVERSION = YES;
				CLANG_WARN_NON_LITERAL_NULL_CONVERSION = YES;
				CLANG_WARN_OBJC_IMPLICIT_RETAIN_SELF = YES;
				CLANG_WARN_OBJC_LITERAL_CONVERSION = YES;
				CLANG_WARN_OBJC_ROOT_CLASS = YES_ERROR;
				CLANG_WARN_QUOTED_INCLUDE_IN_FRAMEWORK_HEADER = YES;
				CLANG_WARN_RANGE_LOOP_ANALYSIS = YES;
				CLANG_WARN_STRICT_PROTOTYPES = YES;
				CLANG_WARN_SUSPICIOUS_MOVE = YES;
				CLANG_WARN_UNGUARDED_AVAILABILITY = YES_AGGRESSIVE;
				CLANG_WARN_UNREACHABLE_CODE = YES;
				CLANG_WARN__DUPLICATE_METHOD_MATCH = YES;
				COPY_PHASE_STRIP = NO;
				DEBUG_INFORMATION_FORMAT = "dwarf-with-dsym";
				ENABLE_NS_ASSERTIONS = NO;
				ENABLE_STRICT_OBJC_MSGSEND = YES;
				ENABLE_USER_SCRIPT_SANDBOXING = YES;
				GCC_C_LANGUAGE_STANDARD = gnu17;
				GCC_NO_COMMON_BLOCKS = YES;
				GCC_WARN_64_TO_32_BIT_CONVERSION = YES;
				GCC_WARN_ABOUT_RETURN_TYPE = YES_ERROR;
				GCC_WARN_UNDECLARED_SELECTOR = YES;
				GCC_WARN_UNINITIALIZED_AUTOS = YES_AGGRESSIVE;
				GCC_WARN_UNUSED_FUNCTION = YES;
				GCC_WARN_UNUSED_VARIABLE = YES;
				IPHONEOS_DEPLOYMENT_TARGET = 17.4;
				LOCALIZATION_PREFERS_STRING_CATALOGS = YES;
				MTL_ENABLE_DEBUG_INFO = NO;
				MTL_FAST_MATH = YES;
				SDKROOT = iphoneos;
				SWIFT_COMPILATION_MODE = wholemodule;
				VALIDATE_PRODUCT = YES;
			};
			name = Release;
		};
		F52147E52BE4A17500FD29B6 /* Debug */ = {
			isa = XCBuildConfiguration;
			buildSettings = {
				ASSETCATALOG_COMPILER_APPICON_NAME = AppIcon;
				ASSETCATALOG_COMPILER_GLOBAL_ACCENT_COLOR_NAME = AccentColor;
				CODE_SIGN_STYLE = Automatic;
				CURRENT_PROJECT_VERSION = 1;
				DEVELOPMENT_ASSET_PATHS = "\"MintChip/Preview Content\"";
				ENABLE_PREVIEWS = YES;
				GENERATE_INFOPLIST_FILE = YES;
				INFOPLIST_KEY_UIApplicationSceneManifest_Generation = YES;
				INFOPLIST_KEY_UIApplicationSupportsIndirectInputEvents = YES;
				INFOPLIST_KEY_UILaunchScreen_Generation = YES;
				INFOPLIST_KEY_UISupportedInterfaceOrientations_iPad = "UIInterfaceOrientationPortrait UIInterfaceOrientationPortraitUpsideDown UIInterfaceOrientationLandscapeLeft UIInterfaceOrientationLandscapeRight";
				INFOPLIST_KEY_UISupportedInterfaceOrientations_iPhone = "UIInterfaceOrientationPortrait UIInterfaceOrientationLandscapeLeft UIInterfaceOrientationLandscapeRight";
				LD_RUNPATH_SEARCH_PATHS = (
					"$(inherited)",
					"@executable_path/Frameworks",
				);
				MARKETING_VERSION = 1.0;
				PRODUCT_BUNDLE_IDENTIFIER = MrinmoyBorah.MintChip;
				PRODUCT_NAME = "$(TARGET_NAME)";
				SWIFT_EMIT_LOC_STRINGS = YES;
				SWIFT_VERSION = 5.0;
				TARGETED_DEVICE_FAMILY = "1,2";
			};
			name = Debug;
		};
		F52147E62BE4A17500FD29B6 /* Release */ = {
			isa = XCBuildConfiguration;
			buildSettings = {
				ASSETCATALOG_COMPILER_APPICON_NAME = AppIcon;
				ASSETCATALOG_COMPILER_GLOBAL_ACCENT_COLOR_NAME = AccentColor;
				CODE_SIGN_STYLE = Automatic;
				CURRENT_PROJECT_VERSION = 1;
				DEVELOPMENT_ASSET_PATHS = "\"MintChip/Preview Content\"";
				ENABLE_PREVIEWS = YES;
				GENERATE_INFOPLIST_FILE = YES;
				INFOPLIST_KEY_UIApplicationSceneManifest_Generation = YES;
				INFOPLIST_KEY_UIApplicationSupportsIndirectInputEvents = YES;
				INFOPLIST_KEY_UILaunchScreen_Generation = YES;
				INFOPLIST_KEY_UISupportedInterfaceOrientations_iPad = "UIInterfaceOrientationPortrait UIInterfaceOrientationPortraitUpsideDown UIInterfaceOrientationLandscapeLeft UIInterfaceOrientationLandscapeRight";
				INFOPLIST_KEY_UISupportedInterfaceOrientations_iPhone = "UIInterfaceOrientationPortrait UIInterfaceOrientationLandscapeLeft UIInterfaceOrientationLandscapeRight";
				LD_RUNPATH_SEARCH_PATHS = (
					"$(inherited)",
					"@executable_path/Frameworks",
				);
				MARKETING_VERSION = 1.0;
				PRODUCT_BUNDLE_IDENTIFIER = MrinmoyBorah.MintChip;
				PRODUCT_NAME = "$(TARGET_NAME)";
				SWIFT_EMIT_LOC_STRINGS = YES;
				SWIFT_VERSION = 5.0;
				TARGETED_DEVICE_FAMILY = "1,2";
			};
			name = Release;
		};
/* End XCBuildConfiguration section */

/* Begin XCConfigurationList section */
		F52147D12BE4A17400FD29B6 /* Build configuration list for PBXProject "MintChip" */ = {
			isa = XCConfigurationList;
			buildConfigurations = (
				F52147E22BE4A17500FD29B6 /* Debug */,
				F52147E32BE4A17500FD29B6 /* Release */,
			);
			defaultConfigurationIsVisible = 0;
			defaultConfigurationName = Release;
		};
		F52147E42BE4A17500FD29B6 /* Build configuration list for PBXNativeTarget "MintChip" */ = {
			isa = XCConfigurationList;
			buildConfigurations = (
				F52147E52BE4A17500FD29B6 /* Debug */,
				F52147E62BE4A17500FD29B6 /* Release */,
			);
			defaultConfigurationIsVisible = 0;
			defaultConfigurationName = Release;
		};
/* End XCConfigurationList section */

/* Begin XCRemoteSwiftPackageReference section */
		F5D409D42BE5D21E00D521C4 /* XCRemoteSwiftPackageReference "SwiftUIFontIcon" */ = {
			isa = XCRemoteSwiftPackageReference;
			repositoryURL = "https://github.com/huybuidac/SwiftUIFontIcon";
			requirement = {
				branch = master;
				kind = branch;
			};
		};
/* End XCRemoteSwiftPackageReference section */

/* Begin XCSwiftPackageProductDependency section */
		F5D409D52BE5D21E00D521C4 /* SwiftUIFontIcon */ = {
			isa = XCSwiftPackageProductDependency;
			package = F5D409D42BE5D21E00D521C4 /* XCRemoteSwiftPackageReference "SwiftUIFontIcon" */;
			productName = SwiftUIFontIcon;
		};
/* End XCSwiftPackageProductDependency section */
	};
	rootObject = F52147CE2BE4A17400FD29B6 /* Project object */;
}
